
Microsoft Visual Studio Solution File, Format Version 12.00
# Visual Studio Version 17
VisualStudioVersion = 17.9.34622.214
MinimumVisualStudioVersion = 10.0.40219.1
Project("{FAE04EC0-301F-11D3-BF4B-00C04F79EFBC}") = "Abstraction", "Abstraction\Abstraction.csproj", "{77767A7A-AAC7-4B52-B49D-9058DC0F2609}"
EndProject
Global
	GlobalSection(SolutionConfigurationPlatforms) = preSolution
		Debug|Any CPU = Debug|Any CPU
		Release|Any CPU = Release|Any CPU
	EndGlobalSection
	GlobalSection(ProjectConfigurationPlatforms) = postSolution
		{77767A7A-AAC7-4B52-B49D-9058DC0F2609}.Debug|Any CPU.ActiveCfg = Debug|Any CPU
		{77767A7A-AAC7-4B52-B49D-9058DC0F2609}.Debug|Any CPU.Build.0 = Debug|Any CPU
		{77767A7A-AAC7-4B52-B49D-9058DC0F2609}.Release|Any CPU.ActiveCfg = Release|Any CPU
		{77767A7A-AAC7-4B52-B49D-9058DC0F2609}.Release|Any CPU.Build.0 = Release|Any CPU
	EndGlobalSection
	GlobalSection(SolutionProperties) = preSolution
		HideSolutionNode = FALSE
	EndGlobalSection
	GlobalSection(ExtensibilityGlobals) = postSolution
		SolutionGuid = {DDB45748-7550-46B0-93BF-E6BAFB3CF69B}
	EndGlobalSection
EndGlobal
